
Microsoft Visual Studio Solution File, Format Version 12.00
# Visual Studio Version 17
VisualStudioVersion = 17.9.34723.18
MinimumVisualStudioVersion = 10.0.40219.1
Project("{FAE04EC0-301F-11D3-BF4B-00C04F79EFBC}") = "Algebra.HelloWorld", "Algebra.HelloWorld.csproj", "{B7AA4503-6C29-4FB8-995D-92266805D673}"
EndProject
Project("{FAE04EC0-301F-11D3-BF4B-00C04F79EFBC}") = "Algebra.WinForms", "..\Algebra.WinForms\Algebra.WinForms.csproj", "{A93CCC49-FFDB-4865-89F7-ED714F2D28FA}"
EndProject
Global
	GlobalSection(SolutionConfigurationPlatforms) = preSolution
		Debug|Any CPU = Debug|Any CPU
		Release|Any CPU = Release|Any CPU
	EndGlobalSection
	GlobalSection(ProjectConfigurationPlatforms) = postSolution
		{B7AA4503-6C29-4FB8-995D-92266805D673}.Debug|Any CPU.ActiveCfg = Debug|Any CPU
		{B7AA4503-6C29-4FB8-995D-92266805D673}.Debug|Any CPU.Build.0 = Debug|Any CPU
		{B7AA4503-6C29-4FB8-995D-92266805D673}.Release|Any CPU.ActiveCfg = Release|Any CPU
		{B7AA4503-6C29-4FB8-995D-92266805D673}.Release|Any CPU.Build.0 = Release|Any CPU
		{A93CCC49-FFDB-4865-89F7-ED714F2D28FA}.Debug|Any CPU.ActiveCfg = Debug|Any CPU
		{A93CCC49-FFDB-4865-89F7-ED714F2D28FA}.Debug|Any CPU.Build.0 = Debug|Any CPU
		{A93CCC49-FFDB-4865-89F7-ED714F2D28FA}.Release|Any CPU.ActiveCfg = Release|Any CPU
		{A93CCC49-FFDB-4865-89F7-ED714F2D28FA}.Release|Any CPU.Build.0 = Release|Any CPU
	EndGlobalSection
	GlobalSection(SolutionProperties) = preSolution
		HideSolutionNode = FALSE
	EndGlobalSection
	GlobalSection(ExtensibilityGlobals) = postSolution
		SolutionGuid = {8BA0C394-E613-43FC-8E40-2052C5BCEC94}
	EndGlobalSection
EndGlobal
